<?xml version="1.0" encoding="UTF-8" standalone="yes" ?>
<CodeBlocks_project_file>
	<FileVersion major="1" minor="6" />
	<Project>
		<Option title="Digital_Clock_PIC_Test_PicPas" />
		<Option pch_mode="2" />
		<Option compiler="small_device_c_compiler_to_pic" />
		<Build>
			<Target title="Release">
				<Option output="bin/Release/Digital_Clock_PIC_Test_PicPas" prefix_auto="1" extension_auto="1" />
				<Option object_output="obj/Release/" />
				<Option type="1" />
				<Option compiler="small_device_c_compiler_to_pic" />
				<Compiler>
					<Add option="--opt-code-size" />
					<Add option="-p16f877a" />
				</Compiler>
			</Target>
		</Build>
		<Unit filename="bin/Release/Digital_Clock_PIC_Test_PicPas.hex" />
		<Unit filename="bin/Release/Digital_Clock_PIC_Test_PicPas.lst" />
		<Unit filename="main.c">
			<Option compilerVar="CC" />
		</Unit>
		<Unit filename="obj/Release/main.asm">
			<Option compile="0" />
			<Option link="0" />
		</Unit>
		<Extensions>
			<code_completion />
			<envvars />
			<debugger />
		</Extensions>
	</Project>
</CodeBlocks_project_file>
